{
    "version": 3,
    "terraform_version": "0.11.11",
    "serial": 9,
    "lineage": "ef61f9db-1498-9662-f30d-c2eb19e90f95",
    "modules": [
        {
            "path": [
                "root"
            ],
            "outputs": {},
            "resources": {
                "aws_instance.jenkins-master": {
                    "type": "aws_instance",
                    "depends_on": [
                        "aws_subnet.pub_subnet",
                        "data.aws_ami.jenkins-master"
                    ],
                    "primary": {
                        "id": "i-05031f92b51750b97",
                        "attributes": {
                            "ami": "ami-0e48991cbf57d7536",
                            "arn": "arn:aws:ec2:eu-central-1:110281590256:instance/i-05031f92b51750b97",
                            "associate_public_ip_address": "false",
                            "availability_zone": "eu-central-1a",
                            "cpu_core_count": "1",
                            "cpu_threads_per_core": "1",
                            "credit_specification.#": "1",
                            "credit_specification.0.cpu_credits": "standard",
                            "disable_api_termination": "false",
                            "ebs_block_device.#": "0",
                            "ebs_optimized": "false",
                            "ephemeral_block_device.#": "0",
                            "get_password_data": "false",
                            "iam_instance_profile": "",
                            "id": "i-05031f92b51750b97",
                            "instance_state": "running",
                            "instance_type": "t2.micro",
                            "ipv6_addresses.#": "0",
                            "key_name": "aws_key_iondrugalea",
                            "monitoring": "false",
                            "network_interface.#": "0",
                            "network_interface_id": "eni-093a71321538e7f71",
                            "password_data": "",
                            "placement_group": "",
                            "primary_network_interface_id": "eni-093a71321538e7f71",
                            "private_dns": "ip-10-0-0-227.eu-central-1.compute.internal",
                            "private_ip": "10.0.0.227",
                            "public_dns": "",
                            "public_ip": "",
                            "root_block_device.#": "1",
                            "root_block_device.0.delete_on_termination": "false",
                            "root_block_device.0.iops": "100",
                            "root_block_device.0.volume_id": "vol-079eac29f5d1e8177",
                            "root_block_device.0.volume_size": "30",
                            "root_block_device.0.volume_type": "gp2",
                            "security_groups.#": "0",
                            "source_dest_check": "true",
                            "subnet_id": "subnet-035cb4ac493868a63",
                            "tags.%": "3",
                            "tags.Author": "Ion Drugalea",
                            "tags.Name": "Jenkins-Master",
                            "tags.Tool": "Terraform",
                            "tenancy": "default",
                            "volume_tags.%": "0",
                            "vpc_security_group_ids.#": "1",
                            "vpc_security_group_ids.3031302620": "sg-0486b6453c4ada4c6"
                        },
                        "meta": {
                            "e2bfb730-ecaa-11e6-8f88-34363bc7c4c0": {
                                "create": 600000000000,
                                "delete": 1200000000000,
                                "update": 600000000000
                            },
                            "schema_version": "1"
                        },
                        "tainted": false
                    },
                    "deposed": [],
                    "provider": "provider.aws"
                },
                "aws_security_group.allow_tls": {
                    "type": "aws_security_group",
                    "depends_on": [
                        "aws_vpc.main"
                    ],
                    "primary": {
                        "id": "sg-0d3050f49eb1e5d2f",
                        "attributes": {
                            "arn": "arn:aws:ec2:eu-central-1:110281590256:security-group/sg-0d3050f49eb1e5d2f",
                            "description": "Security group for Jenkins Cluster",
                            "egress.#": "1",
                            "egress.482069346.cidr_blocks.#": "1",
                            "egress.482069346.cidr_blocks.0": "0.0.0.0/0",
                            "egress.482069346.description": "",
                            "egress.482069346.from_port": "0",
                            "egress.482069346.ipv6_cidr_blocks.#": "0",
                            "egress.482069346.prefix_list_ids.#": "0",
                            "egress.482069346.protocol": "-1",
                            "egress.482069346.security_groups.#": "0",
                            "egress.482069346.self": "false",
                            "egress.482069346.to_port": "0",
                            "id": "sg-0d3050f49eb1e5d2f",
                            "ingress.#": "2",
                            "ingress.2541437006.cidr_blocks.#": "1",
                            "ingress.2541437006.cidr_blocks.0": "0.0.0.0/0",
                            "ingress.2541437006.description": "",
                            "ingress.2541437006.from_port": "22",
                            "ingress.2541437006.ipv6_cidr_blocks.#": "0",
                            "ingress.2541437006.prefix_list_ids.#": "0",
                            "ingress.2541437006.protocol": "tcp",
                            "ingress.2541437006.security_groups.#": "0",
                            "ingress.2541437006.self": "false",
                            "ingress.2541437006.to_port": "22",
                            "ingress.2617001939.cidr_blocks.#": "1",
                            "ingress.2617001939.cidr_blocks.0": "0.0.0.0/0",
                            "ingress.2617001939.description": "",
                            "ingress.2617001939.from_port": "443",
                            "ingress.2617001939.ipv6_cidr_blocks.#": "0",
                            "ingress.2617001939.prefix_list_ids.#": "0",
                            "ingress.2617001939.protocol": "tcp",
                            "ingress.2617001939.security_groups.#": "0",
                            "ingress.2617001939.self": "false",
                            "ingress.2617001939.to_port": "443",
                            "name": "Allow traffiq for Jenkins Server",
                            "owner_id": "110281590256",
                            "revoke_rules_on_delete": "false",
                            "tags.%": "0",
                            "vpc_id": "vpc-0a2a3acf2e36f5855"
                        },
                        "meta": {
                            "e2bfb730-ecaa-11e6-8f88-34363bc7c4c0": {
                                "create": 600000000000,
                                "delete": 600000000000
                            },
                            "schema_version": "1"
                        },
                        "tainted": false
                    },
                    "deposed": [],
                    "provider": "provider.aws"
                },
                "aws_subnet.pub_subnet": {
                    "type": "aws_subnet",
                    "depends_on": [
                        "aws_vpc.main",
                        "data.aws_availability_zones.available"
                    ],
                    "primary": {
                        "id": "subnet-035cb4ac493868a63",
                        "attributes": {
                            "arn": "arn:aws:ec2:eu-central-1:110281590256:subnet/subnet-035cb4ac493868a63",
                            "assign_ipv6_address_on_creation": "false",
                            "availability_zone": "eu-central-1a",
                            "availability_zone_id": "euc1-az2",
                            "cidr_block": "10.0.0.0/24",
                            "id": "subnet-035cb4ac493868a63",
                            "ipv6_cidr_block": "",
                            "ipv6_cidr_block_association_id": "",
                            "map_public_ip_on_launch": "false",
                            "owner_id": "110281590256",
                            "tags.%": "1",
                            "tags.Name": "Jenkins CI/CD-pub-subnet",
                            "vpc_id": "vpc-0a2a3acf2e36f5855"
                        },
                        "meta": {
                            "e2bfb730-ecaa-11e6-8f88-34363bc7c4c0": {
                                "create": 600000000000,
                                "delete": 600000000000
                            },
                            "schema_version": "1"
                        },
                        "tainted": false
                    },
                    "deposed": [],
                    "provider": "provider.aws"
                },
                "aws_vpc.main": {
                    "type": "aws_vpc",
                    "depends_on": [],
                    "primary": {
                        "id": "vpc-0a2a3acf2e36f5855",
                        "attributes": {
                            "arn": "arn:aws:ec2:eu-central-1:110281590256:vpc/vpc-0a2a3acf2e36f5855",
                            "assign_generated_ipv6_cidr_block": "false",
                            "cidr_block": "10.0.0.0/24",
                            "default_network_acl_id": "acl-03499bb1099e171c3",
                            "default_route_table_id": "rtb-07cf6a9d08da0a69d",
                            "default_security_group_id": "sg-0486b6453c4ada4c6",
                            "dhcp_options_id": "dopt-3bf5c050",
                            "enable_dns_hostnames": "true",
                            "enable_dns_support": "true",
                            "id": "vpc-0a2a3acf2e36f5855",
                            "instance_tenancy": "default",
                            "ipv6_association_id": "",
                            "ipv6_cidr_block": "",
                            "main_route_table_id": "rtb-07cf6a9d08da0a69d",
                            "owner_id": "110281590256",
                            "tags.%": "1",
                            "tags.Name": "Jenkins CI/CD"
                        },
                        "meta": {
                            "schema_version": "1"
                        },
                        "tainted": false
                    },
                    "deposed": [],
                    "provider": "provider.aws"
                },
                "data.aws_ami.jenkins-master": {
                    "type": "aws_ami",
                    "depends_on": [],
                    "primary": {
                        "id": "ami-0e48991cbf57d7536",
                        "attributes": {
                            "architecture": "x86_64",
                            "block_device_mappings.#": "1",
                            "block_device_mappings.340275815.device_name": "/dev/xvda",
                            "block_device_mappings.340275815.ebs.%": "6",
                            "block_device_mappings.340275815.ebs.delete_on_termination": "true",
                            "block_device_mappings.340275815.ebs.encrypted": "false",
                            "block_device_mappings.340275815.ebs.iops": "0",
                            "block_device_mappings.340275815.ebs.snapshot_id": "snap-0c3e78d21f6f4633d",
                            "block_device_mappings.340275815.ebs.volume_size": "8",
                            "block_device_mappings.340275815.ebs.volume_type": "gp2",
                            "block_device_mappings.340275815.no_device": "",
                            "block_device_mappings.340275815.virtual_name": "",
                            "creation_date": "2019-02-25T15:33:23.000Z",
                            "description": "Amazon Linux Instance for Jenkins Master",
                            "filter.#": "1",
                            "filter.2965326657.name": "name",
                            "filter.2965326657.values.#": "1",
                            "filter.2965326657.values.0": "jenkins-master",
                            "hypervisor": "xen",
                            "id": "ami-0e48991cbf57d7536",
                            "image_id": "ami-0e48991cbf57d7536",
                            "image_location": "110281590256/jenkins-master",
                            "image_type": "machine",
                            "most_recent": "true",
                            "name": "jenkins-master",
                            "owner_id": "110281590256",
                            "owners.#": "1",
                            "owners.0": "self",
                            "product_codes.#": "0",
                            "public": "false",
                            "root_device_name": "/dev/xvda",
                            "root_device_type": "ebs",
                            "root_snapshot_id": "snap-0c3e78d21f6f4633d",
                            "sriov_net_support": "simple",
                            "state": "available",
                            "state_reason.%": "2",
                            "state_reason.code": "UNSET",
                            "state_reason.message": "UNSET",
                            "tags.%": "2",
                            "tags.Author": "Ion Drugalea",
                            "tags.Tool": "Packer",
                            "virtualization_type": "hvm"
                        },
                        "meta": {},
                        "tainted": false
                    },
                    "deposed": [],
                    "provider": "provider.aws"
                },
                "data.aws_ami.jenkins-slave": {
                    "type": "aws_ami",
                    "depends_on": [],
                    "primary": {
                        "id": "ami-0a0a4ea562058b20d",
                        "attributes": {
                            "architecture": "x86_64",
                            "block_device_mappings.#": "1",
                            "block_device_mappings.340275815.device_name": "/dev/xvda",
                            "block_device_mappings.340275815.ebs.%": "6",
                            "block_device_mappings.340275815.ebs.delete_on_termination": "true",
                            "block_device_mappings.340275815.ebs.encrypted": "false",
                            "block_device_mappings.340275815.ebs.iops": "0",
                            "block_device_mappings.340275815.ebs.snapshot_id": "snap-0222ad80d2623f609",
                            "block_device_mappings.340275815.ebs.volume_size": "8",
                            "block_device_mappings.340275815.ebs.volume_type": "gp2",
                            "block_device_mappings.340275815.no_device": "",
                            "block_device_mappings.340275815.virtual_name": "",
                            "creation_date": "2019-02-25T15:38:15.000Z",
                            "description": "Amazon Linux Instance for Jenkins Slave",
                            "filter.#": "1",
                            "filter.2827425434.name": "name",
                            "filter.2827425434.values.#": "1",
                            "filter.2827425434.values.0": "jenkins-slave",
                            "hypervisor": "xen",
                            "id": "ami-0a0a4ea562058b20d",
                            "image_id": "ami-0a0a4ea562058b20d",
                            "image_location": "110281590256/jenkins-slave",
                            "image_type": "machine",
                            "most_recent": "true",
                            "name": "jenkins-slave",
                            "owner_id": "110281590256",
                            "owners.#": "1",
                            "owners.0": "self",
                            "product_codes.#": "0",
                            "public": "false",
                            "root_device_name": "/dev/xvda",
                            "root_device_type": "ebs",
                            "root_snapshot_id": "snap-0222ad80d2623f609",
                            "sriov_net_support": "simple",
                            "state": "available",
                            "state_reason.%": "2",
                            "state_reason.code": "UNSET",
                            "state_reason.message": "UNSET",
                            "tags.%": "2",
                            "tags.Author": "Ion Drugalea",
                            "tags.Tool": "Packer",
                            "virtualization_type": "hvm"
                        },
                        "meta": {},
                        "tainted": false
                    },
                    "deposed": [],
                    "provider": "provider.aws"
                },
                "data.aws_availability_zones.available": {
                    "type": "aws_availability_zones",
                    "depends_on": [],
                    "primary": {
                        "id": "2019-02-27 08:34:41.753340279 +0000 UTC",
                        "attributes": {
                            "id": "2019-02-27 08:34:41.753340279 +0000 UTC",
                            "names.#": "3",
                            "names.0": "eu-central-1a",
                            "names.1": "eu-central-1b",
                            "names.2": "eu-central-1c",
                            "zone_ids.#": "3",
                            "zone_ids.0": "euc1-az2",
                            "zone_ids.1": "euc1-az3",
                            "zone_ids.2": "euc1-az1"
                        },
                        "meta": {},
                        "tainted": false
                    },
                    "deposed": [],
                    "provider": "provider.aws"
                }
            },
            "depends_on": []
        }
    ]
}
